
Microsoft Visual Studio Solution File, Format Version 12.00
# Visual Studio Version 17
VisualStudioVersion = 17.4.33110.190
MinimumVisualStudioVersion = 10.0.40219.1
Project("{888888A0-9F3D-457C-B088-3A5042F75D52}") = "CameraPoseEstimationAndAR", "CameraPoseEstimationAndAR.pyproj", "{FC5BEFB7-4EC6-40DB-8F7B-7ADF9FC0E0CE}"
EndProject
Global
	GlobalSection(SolutionConfigurationPlatforms) = preSolution
		Debug|Any CPU = Debug|Any CPU
		Release|Any CPU = Release|Any CPU
	EndGlobalSection
	GlobalSection(ProjectConfigurationPlatforms) = postSolution
		{FC5BEFB7-4EC6-40DB-8F7B-7ADF9FC0E0CE}.Debug|Any CPU.ActiveCfg = Debug|Any CPU
		{FC5BEFB7-4EC6-40DB-8F7B-7ADF9FC0E0CE}.Release|Any CPU.ActiveCfg = Release|Any CPU
	EndGlobalSection
	GlobalSection(SolutionProperties) = preSolution
		HideSolutionNode = FALSE
	EndGlobalSection
	GlobalSection(ExtensibilityGlobals) = postSolution
		SolutionGuid = {EE836DC3-A344-4742-A82D-161A2D45F260}
	EndGlobalSection
EndGlobal
